
Microsoft Visual Studio Solution File, Format Version 12.00
# Visual Studio 15
VisualStudioVersion = 15.0.28307.271
MinimumVisualStudioVersion = 10.0.40219.1
Project("{FAE04EC0-301F-11D3-BF4B-00C04F79EFBC}") = "Teach_man.Android", "Teach_man\Teach_man.Android\Teach_man.Android.csproj", "{24CE3C36-16B9-426D-AA0C-5961ECF8D88C}"
EndProject
Project("{FAE04EC0-301F-11D3-BF4B-00C04F79EFBC}") = "Teach_man.UWP", "Teach_man\Teach_man.UWP\Teach_man.UWP.csproj", "{D87E9A1E-F844-44FB-AB34-C085F7D23B95}"
EndProject
Project("{FAE04EC0-301F-11D3-BF4B-00C04F79EFBC}") = "Teach_man", "Teach_man\Teach_man\Teach_man.csproj", "{F95C9EF2-7C72-422A-A4D7-3095445B39BD}"
EndProject
Global
	GlobalSection(SolutionConfigurationPlatforms) = preSolution
		Debug|Any CPU = Debug|Any CPU
		Debug|ARM = Debug|ARM
		Debug|x64 = Debug|x64
		Debug|x86 = Debug|x86
		Release|Any CPU = Release|Any CPU
		Release|ARM = Release|ARM
		Release|x64 = Release|x64
		Release|x86 = Release|x86
	EndGlobalSection
	GlobalSection(ProjectConfigurationPlatforms) = postSolution
		{24CE3C36-16B9-426D-AA0C-5961ECF8D88C}.Debug|Any CPU.ActiveCfg = Debug|Any CPU
		{24CE3C36-16B9-426D-AA0C-5961ECF8D88C}.Debug|Any CPU.Build.0 = Debug|Any CPU
		{24CE3C36-16B9-426D-AA0C-5961ECF8D88C}.Debug|Any CPU.Deploy.0 = Debug|Any CPU
		{24CE3C36-16B9-426D-AA0C-5961ECF8D88C}.Debug|ARM.ActiveCfg = Debug|Any CPU
		{24CE3C36-16B9-426D-AA0C-5961ECF8D88C}.Debug|ARM.Build.0 = Debug|Any CPU
		{24CE3C36-16B9-426D-AA0C-5961ECF8D88C}.Debug|ARM.Deploy.0 = Debug|Any CPU
		{24CE3C36-16B9-426D-AA0C-5961ECF8D88C}.Debug|x64.ActiveCfg = Debug|Any CPU
		{24CE3C36-16B9-426D-AA0C-5961ECF8D88C}.Debug|x64.Build.0 = Debug|Any CPU
		{24CE3C36-16B9-426D-AA0C-5961ECF8D88C}.Debug|x64.Deploy.0 = Debug|Any CPU
		{24CE3C36-16B9-426D-AA0C-5961ECF8D88C}.Debug|x86.ActiveCfg = Debug|Any CPU
		{24CE3C36-16B9-426D-AA0C-5961ECF8D88C}.Debug|x86.Build.0 = Debug|Any CPU
		{24CE3C36-16B9-426D-AA0C-5961ECF8D88C}.Debug|x86.Deploy.0 = Debug|Any CPU
		{24CE3C36-16B9-426D-AA0C-5961ECF8D88C}.Release|Any CPU.ActiveCfg = Release|Any CPU
		{24CE3C36-16B9-426D-AA0C-5961ECF8D88C}.Release|Any CPU.Build.0 = Release|Any CPU
		{24CE3C36-16B9-426D-AA0C-5961ECF8D88C}.Release|Any CPU.Deploy.0 = Release|Any CPU
		{24CE3C36-16B9-426D-AA0C-5961ECF8D88C}.Release|ARM.ActiveCfg = Release|Any CPU
		{24CE3C36-16B9-426D-AA0C-5961ECF8D88C}.Release|ARM.Build.0 = Release|Any CPU
		{24CE3C36-16B9-426D-AA0C-5961ECF8D88C}.Release|ARM.Deploy.0 = Release|Any CPU
		{24CE3C36-16B9-426D-AA0C-5961ECF8D88C}.Release|x64.ActiveCfg = Release|Any CPU
		{24CE3C36-16B9-426D-AA0C-5961ECF8D88C}.Release|x64.Build.0 = Release|Any CPU
		{24CE3C36-16B9-426D-AA0C-5961ECF8D88C}.Release|x64.Deploy.0 = Release|Any CPU
		{24CE3C36-16B9-426D-AA0C-5961ECF8D88C}.Release|x86.ActiveCfg = Release|Any CPU
		{24CE3C36-16B9-426D-AA0C-5961ECF8D88C}.Release|x86.Build.0 = Release|Any CPU
		{24CE3C36-16B9-426D-AA0C-5961ECF8D88C}.Release|x86.Deploy.0 = Release|Any CPU
		{D87E9A1E-F844-44FB-AB34-C085F7D23B95}.Debug|Any CPU.ActiveCfg = Debug|x86
		{D87E9A1E-F844-44FB-AB34-C085F7D23B95}.Debug|Any CPU.Build.0 = Debug|x86
		{D87E9A1E-F844-44FB-AB34-C085F7D23B95}.Debug|Any CPU.Deploy.0 = Debug|x86
		{D87E9A1E-F844-44FB-AB34-C085F7D23B95}.Debug|ARM.ActiveCfg = Debug|ARM
		{D87E9A1E-F844-44FB-AB34-C085F7D23B95}.Debug|ARM.Build.0 = Debug|ARM
		{D87E9A1E-F844-44FB-AB34-C085F7D23B95}.Debug|ARM.Deploy.0 = Debug|ARM
		{D87E9A1E-F844-44FB-AB34-C085F7D23B95}.Debug|x64.ActiveCfg = Debug|x64
		{D87E9A1E-F844-44FB-AB34-C085F7D23B95}.Debug|x64.Build.0 = Debug|x64
		{D87E9A1E-F844-44FB-AB34-C085F7D23B95}.Debug|x64.Deploy.0 = Debug|x64
		{D87E9A1E-F844-44FB-AB34-C085F7D23B95}.Debug|x86.ActiveCfg = Debug|x86
		{D87E9A1E-F844-44FB-AB34-C085F7D23B95}.Debug|x86.Build.0 = Debug|x86
		{D87E9A1E-F844-44FB-AB34-C085F7D23B95}.Debug|x86.Deploy.0 = Debug|x86
		{D87E9A1E-F844-44FB-AB34-C085F7D23B95}.Release|Any CPU.ActiveCfg = Release|x86
		{D87E9A1E-F844-44FB-AB34-C085F7D23B95}.Release|Any CPU.Build.0 = Release|x86
		{D87E9A1E-F844-44FB-AB34-C085F7D23B95}.Release|Any CPU.Deploy.0 = Release|x86
		{D87E9A1E-F844-44FB-AB34-C085F7D23B95}.Release|ARM.ActiveCfg = Release|ARM
		{D87E9A1E-F844-44FB-AB34-C085F7D23B95}.Release|ARM.Build.0 = Release|ARM
		{D87E9A1E-F844-44FB-AB34-C085F7D23B95}.Release|ARM.Deploy.0 = Release|ARM
		{D87E9A1E-F844-44FB-AB34-C085F7D23B95}.Release|x64.ActiveCfg = Release|x64
		{D87E9A1E-F844-44FB-AB34-C085F7D23B95}.Release|x64.Build.0 = Release|x64
		{D87E9A1E-F844-44FB-AB34-C085F7D23B95}.Release|x64.Deploy.0 = Release|x64
		{D87E9A1E-F844-44FB-AB34-C085F7D23B95}.Release|x86.ActiveCfg = Release|x86
		{D87E9A1E-F844-44FB-AB34-C085F7D23B95}.Release|x86.Build.0 = Release|x86
		{D87E9A1E-F844-44FB-AB34-C085F7D23B95}.Release|x86.Deploy.0 = Release|x86
		{F95C9EF2-7C72-422A-A4D7-3095445B39BD}.Debug|Any CPU.ActiveCfg = Debug|Any CPU
		{F95C9EF2-7C72-422A-A4D7-3095445B39BD}.Debug|Any CPU.Build.0 = Debug|Any CPU
		{F95C9EF2-7C72-422A-A4D7-3095445B39BD}.Debug|Any CPU.Deploy.0 = Debug|Any CPU
		{F95C9EF2-7C72-422A-A4D7-3095445B39BD}.Debug|ARM.ActiveCfg = Debug|Any CPU
		{F95C9EF2-7C72-422A-A4D7-3095445B39BD}.Debug|ARM.Build.0 = Debug|Any CPU
		{F95C9EF2-7C72-422A-A4D7-3095445B39BD}.Debug|ARM.Deploy.0 = Debug|Any CPU
		{F95C9EF2-7C72-422A-A4D7-3095445B39BD}.Debug|x64.ActiveCfg = Debug|Any CPU
		{F95C9EF2-7C72-422A-A4D7-3095445B39BD}.Debug|x64.Build.0 = Debug|Any CPU
		{F95C9EF2-7C72-422A-A4D7-3095445B39BD}.Debug|x64.Deploy.0 = Debug|Any CPU
		{F95C9EF2-7C72-422A-A4D7-3095445B39BD}.Debug|x86.ActiveCfg = Debug|Any CPU
		{F95C9EF2-7C72-422A-A4D7-3095445B39BD}.Debug|x86.Build.0 = Debug|Any CPU
		{F95C9EF2-7C72-422A-A4D7-3095445B39BD}.Debug|x86.Deploy.0 = Debug|Any CPU
		{F95C9EF2-7C72-422A-A4D7-3095445B39BD}.Release|Any CPU.ActiveCfg = Release|Any CPU
		{F95C9EF2-7C72-422A-A4D7-3095445B39BD}.Release|Any CPU.Build.0 = Release|Any CPU
		{F95C9EF2-7C72-422A-A4D7-3095445B39BD}.Release|Any CPU.Deploy.0 = Release|Any CPU
		{F95C9EF2-7C72-422A-A4D7-3095445B39BD}.Release|ARM.ActiveCfg = Release|Any CPU
		{F95C9EF2-7C72-422A-A4D7-3095445B39BD}.Release|ARM.Build.0 = Release|Any CPU
		{F95C9EF2-7C72-422A-A4D7-3095445B39BD}.Release|ARM.Deploy.0 = Release|Any CPU
		{F95C9EF2-7C72-422A-A4D7-3095445B39BD}.Release|x64.ActiveCfg = Release|Any CPU
		{F95C9EF2-7C72-422A-A4D7-3095445B39BD}.Release|x64.Build.0 = Release|Any CPU
		{F95C9EF2-7C72-422A-A4D7-3095445B39BD}.Release|x64.Deploy.0 = Release|Any CPU
		{F95C9EF2-7C72-422A-A4D7-3095445B39BD}.Release|x86.ActiveCfg = Release|Any CPU
		{F95C9EF2-7C72-422A-A4D7-3095445B39BD}.Release|x86.Build.0 = Release|Any CPU
		{F95C9EF2-7C72-422A-A4D7-3095445B39BD}.Release|x86.Deploy.0 = Release|Any CPU
	EndGlobalSection
	GlobalSection(SolutionProperties) = preSolution
		HideSolutionNode = FALSE
	EndGlobalSection
	GlobalSection(ExtensibilityGlobals) = postSolution
		SolutionGuid = {9FF2C435-70BE-472E-AF07-E982EF90CE67}
	EndGlobalSection
EndGlobal
